
Microsoft Visual Studio Solution File, Format Version 12.00
# Visual Studio 15
VisualStudioVersion = 15.0.27428.2015
MinimumVisualStudioVersion = 10.0.40219.1
Project("{FAE04EC0-301F-11D3-BF4B-00C04F79EFBC}") = "alismstool", "alismstool\alismstool.csproj", "{437C5CDB-E098-49AB-B7C0-690E0DE30073}"
EndProject
Project("{FAE04EC0-301F-11D3-BF4B-00C04F79EFBC}") = "smsup-server", "smsup-server\smsup-server.csproj", "{31390192-9641-497E-A4E8-6E91F90592DB}"
EndProject
Global
	GlobalSection(SolutionConfigurationPlatforms) = preSolution
		Debug|Any CPU = Debug|Any CPU
		Release|Any CPU = Release|Any CPU
	EndGlobalSection
	GlobalSection(ProjectConfigurationPlatforms) = postSolution
		{437C5CDB-E098-49AB-B7C0-690E0DE30073}.Debug|Any CPU.ActiveCfg = Debug|Any CPU
		{437C5CDB-E098-49AB-B7C0-690E0DE30073}.Debug|Any CPU.Build.0 = Debug|Any CPU
		{437C5CDB-E098-49AB-B7C0-690E0DE30073}.Release|Any CPU.ActiveCfg = Release|Any CPU
		{437C5CDB-E098-49AB-B7C0-690E0DE30073}.Release|Any CPU.Build.0 = Release|Any CPU
		{31390192-9641-497E-A4E8-6E91F90592DB}.Debug|Any CPU.ActiveCfg = Debug|Any CPU
		{31390192-9641-497E-A4E8-6E91F90592DB}.Debug|Any CPU.Build.0 = Debug|Any CPU
		{31390192-9641-497E-A4E8-6E91F90592DB}.Release|Any CPU.ActiveCfg = Release|Any CPU
		{31390192-9641-497E-A4E8-6E91F90592DB}.Release|Any CPU.Build.0 = Release|Any CPU
	EndGlobalSection
	GlobalSection(SolutionProperties) = preSolution
		HideSolutionNode = FALSE
	EndGlobalSection
	GlobalSection(ExtensibilityGlobals) = postSolution
		SolutionGuid = {002B6B24-7562-406B-A57B-9486F5A82AB4}
	EndGlobalSection
EndGlobal
